
Microsoft Visual Studio Solution File, Format Version 11.00
# Visual Studio 2010
Project("{FAE04EC0-301F-11D3-BF4B-00C04F79EFBC}") = "Assembly-CSharp", "Assembly-CSharp.csproj", "{578013BC-7625-2DEC-6283-A940B41561B7}"
EndProject
Project("{FAE04EC0-301F-11D3-BF4B-00C04F79EFBC}") = "Klak.Spout", "Klak.Spout.csproj", "{C6E6DC7B-D928-5557-BB82-B44B7B7BF30F}"
EndProject
Project("{FAE04EC0-301F-11D3-BF4B-00C04F79EFBC}") = "Assembly-CSharp-Editor", "Assembly-CSharp-Editor.csproj", "{0BE4A6FF-14BF-046F-8461-1073157ECF95}"
EndProject
Project("{FAE04EC0-301F-11D3-BF4B-00C04F79EFBC}") = "Klak.Spout.Editor", "Klak.Spout.Editor.csproj", "{6964A308-7554-EFC0-564F-B99874A5C867}"
EndProject
Global
	GlobalSection(SolutionConfigurationPlatforms) = preSolution
		Debug|Any CPU = Debug|Any CPU
		Release|Any CPU = Release|Any CPU
	EndGlobalSection
	GlobalSection(ProjectConfigurationPlatforms) = postSolution
		{578013BC-7625-2DEC-6283-A940B41561B7}.Debug|Any CPU.ActiveCfg = Debug|Any CPU
		{578013BC-7625-2DEC-6283-A940B41561B7}.Debug|Any CPU.Build.0 = Debug|Any CPU
		{578013BC-7625-2DEC-6283-A940B41561B7}.Release|Any CPU.ActiveCfg = Release|Any CPU
		{578013BC-7625-2DEC-6283-A940B41561B7}.Release|Any CPU.Build.0 = Release|Any CPU
		{C6E6DC7B-D928-5557-BB82-B44B7B7BF30F}.Debug|Any CPU.ActiveCfg = Debug|Any CPU
		{C6E6DC7B-D928-5557-BB82-B44B7B7BF30F}.Debug|Any CPU.Build.0 = Debug|Any CPU
		{C6E6DC7B-D928-5557-BB82-B44B7B7BF30F}.Release|Any CPU.ActiveCfg = Release|Any CPU
		{C6E6DC7B-D928-5557-BB82-B44B7B7BF30F}.Release|Any CPU.Build.0 = Release|Any CPU
		{0BE4A6FF-14BF-046F-8461-1073157ECF95}.Debug|Any CPU.ActiveCfg = Debug|Any CPU
		{0BE4A6FF-14BF-046F-8461-1073157ECF95}.Debug|Any CPU.Build.0 = Debug|Any CPU
		{0BE4A6FF-14BF-046F-8461-1073157ECF95}.Release|Any CPU.ActiveCfg = Release|Any CPU
		{0BE4A6FF-14BF-046F-8461-1073157ECF95}.Release|Any CPU.Build.0 = Release|Any CPU
		{6964A308-7554-EFC0-564F-B99874A5C867}.Debug|Any CPU.ActiveCfg = Debug|Any CPU
		{6964A308-7554-EFC0-564F-B99874A5C867}.Debug|Any CPU.Build.0 = Debug|Any CPU
		{6964A308-7554-EFC0-564F-B99874A5C867}.Release|Any CPU.ActiveCfg = Release|Any CPU
		{6964A308-7554-EFC0-564F-B99874A5C867}.Release|Any CPU.Build.0 = Release|Any CPU
	EndGlobalSection
	GlobalSection(SolutionProperties) = preSolution
		HideSolutionNode = FALSE
	EndGlobalSection
	GlobalSection(MonoDevelopProperties) = preSolution
		StartupItem = Assembly-CSharp.csproj
	EndGlobalSection
EndGlobal
