
Microsoft Visual Studio Solution File, Format Version 11.00
# Visual Studio 2010
Project("{FAE04EC0-301F-11D3-BF4B-00C04F79EFBC}") = "Assembly-CSharp", "Assembly-CSharp.csproj", "{6BD6A4E7-6A5C-387C-2532-7DC028058B4E}"
EndProject
Project("{FAE04EC0-301F-11D3-BF4B-00C04F79EFBC}") = "Assembly-CSharp-Editor", "Assembly-CSharp-Editor.csproj", "{485A86AE-8DD7-C9BE-2B07-E89A39F4F724}"
EndProject
Global
	GlobalSection(SolutionConfigurationPlatforms) = preSolution
		Debug|Any CPU = Debug|Any CPU
		Release|Any CPU = Release|Any CPU
	EndGlobalSection
	GlobalSection(ProjectConfigurationPlatforms) = postSolution
		{6BD6A4E7-6A5C-387C-2532-7DC028058B4E}.Debug|Any CPU.ActiveCfg = Debug|Any CPU
		{6BD6A4E7-6A5C-387C-2532-7DC028058B4E}.Debug|Any CPU.Build.0 = Debug|Any CPU
		{6BD6A4E7-6A5C-387C-2532-7DC028058B4E}.Release|Any CPU.ActiveCfg = Release|Any CPU
		{6BD6A4E7-6A5C-387C-2532-7DC028058B4E}.Release|Any CPU.Build.0 = Release|Any CPU
		{485A86AE-8DD7-C9BE-2B07-E89A39F4F724}.Debug|Any CPU.ActiveCfg = Debug|Any CPU
		{485A86AE-8DD7-C9BE-2B07-E89A39F4F724}.Debug|Any CPU.Build.0 = Debug|Any CPU
		{485A86AE-8DD7-C9BE-2B07-E89A39F4F724}.Release|Any CPU.ActiveCfg = Release|Any CPU
		{485A86AE-8DD7-C9BE-2B07-E89A39F4F724}.Release|Any CPU.Build.0 = Release|Any CPU
	EndGlobalSection
	GlobalSection(SolutionProperties) = preSolution
		HideSolutionNode = FALSE
	EndGlobalSection
	GlobalSection(MonoDevelopProperties) = preSolution
		StartupItem = Assembly-CSharp.csproj
	EndGlobalSection
EndGlobal
